
Microsoft Visual Studio Solution File, Format Version 12.00
# Visual Studio Version 17
VisualStudioVersion = 17.4.33213.308
MinimumVisualStudioVersion = 10.0.40219.1
Project("{8BC9CEB8-8B4A-11D0-8D11-00A0C91BC942}") = "Input", "projects\Input\Input.vcxproj", "{B5C0FCF0-3753-4906-BF1C-20044E9FC4BA}"
EndProject
Project("{8BC9CEB8-8B4A-11D0-8D11-00A0C91BC942}") = "Render", "projects\Render\Render.vcxproj", "{7E3FDD0F-BDAD-490E-B98D-91CCE20821F6}"
EndProject
Project("{8BC9CEB8-8B4A-11D0-8D11-00A0C91BC942}") = "EC", "projects\EC\EC.vcxproj", "{F752BC2B-D1FE-4348-A9BF-75AFD852DE70}"
EndProject
Project("{8BC9CEB8-8B4A-11D0-8D11-00A0C91BC942}") = "Main", "projects\Main\Main.vcxproj", "{4EF5FD19-2C0E-47A0-B8FF-A921240FF6AA}"
EndProject
Project("{8BC9CEB8-8B4A-11D0-8D11-00A0C91BC942}") = "Audio", "projects\Audio\Audio.vcxproj", "{A5AA2FA6-A50F-49EB-94E5-42297DC3FF20}"
EndProject
Project("{8BC9CEB8-8B4A-11D0-8D11-00A0C91BC942}") = "Physics", "projects\Physics\Physics.vcxproj", "{A43F2981-4DA2-48C7-B2F0-E4468C4CAA51}"
EndProject
Project("{8BC9CEB8-8B4A-11D0-8D11-00A0C91BC942}") = "Load", "projects\Load\Load.vcxproj", "{A25433B1-436F-4BFF-904A-A7B1DE4E99BB}"
EndProject
Project("{8BC9CEB8-8B4A-11D0-8D11-00A0C91BC942}") = "GUI", "projects\GUI\GUI.vcxproj", "{CEC9E50F-FF08-49A1-B636-479EEBFFF93F}"
EndProject
Project("{8BC9CEB8-8B4A-11D0-8D11-00A0C91BC942}") = "Utils", "projects\Utils\Utils.vcxproj", "{8087E473-2FBF-46FC-BA2E-801DDBFA00F7}"
EndProject
Project("{8BC9CEB8-8B4A-11D0-8D11-00A0C91BC942}") = "Demo", "projects\Demo\Demo.vcxproj", "{AF1FE739-E187-408F-8B07-64558E47EA2A}"
	ProjectSection(ProjectDependencies) = postProject
		{4EF5FD19-2C0E-47A0-B8FF-A921240FF6AA} = {4EF5FD19-2C0E-47A0-B8FF-A921240FF6AA}
	EndProjectSection
EndProject
Global
	GlobalSection(SolutionConfigurationPlatforms) = preSolution
		Debug|x64 = Debug|x64
		Release|x64 = Release|x64
	EndGlobalSection
	GlobalSection(ProjectConfigurationPlatforms) = postSolution
		{B5C0FCF0-3753-4906-BF1C-20044E9FC4BA}.Debug|x64.ActiveCfg = Debug|x64
		{B5C0FCF0-3753-4906-BF1C-20044E9FC4BA}.Debug|x64.Build.0 = Debug|x64
		{B5C0FCF0-3753-4906-BF1C-20044E9FC4BA}.Release|x64.ActiveCfg = Release|x64
		{B5C0FCF0-3753-4906-BF1C-20044E9FC4BA}.Release|x64.Build.0 = Release|x64
		{7E3FDD0F-BDAD-490E-B98D-91CCE20821F6}.Debug|x64.ActiveCfg = Debug|x64
		{7E3FDD0F-BDAD-490E-B98D-91CCE20821F6}.Debug|x64.Build.0 = Debug|x64
		{7E3FDD0F-BDAD-490E-B98D-91CCE20821F6}.Release|x64.ActiveCfg = Release|x64
		{7E3FDD0F-BDAD-490E-B98D-91CCE20821F6}.Release|x64.Build.0 = Release|x64
		{F752BC2B-D1FE-4348-A9BF-75AFD852DE70}.Debug|x64.ActiveCfg = Debug|x64
		{F752BC2B-D1FE-4348-A9BF-75AFD852DE70}.Debug|x64.Build.0 = Debug|x64
		{F752BC2B-D1FE-4348-A9BF-75AFD852DE70}.Release|x64.ActiveCfg = Release|x64
		{F752BC2B-D1FE-4348-A9BF-75AFD852DE70}.Release|x64.Build.0 = Release|x64
		{4EF5FD19-2C0E-47A0-B8FF-A921240FF6AA}.Debug|x64.ActiveCfg = Debug|x64
		{4EF5FD19-2C0E-47A0-B8FF-A921240FF6AA}.Debug|x64.Build.0 = Debug|x64
		{4EF5FD19-2C0E-47A0-B8FF-A921240FF6AA}.Release|x64.ActiveCfg = Release|x64
		{4EF5FD19-2C0E-47A0-B8FF-A921240FF6AA}.Release|x64.Build.0 = Release|x64
		{A5AA2FA6-A50F-49EB-94E5-42297DC3FF20}.Debug|x64.ActiveCfg = Debug|x64
		{A5AA2FA6-A50F-49EB-94E5-42297DC3FF20}.Debug|x64.Build.0 = Debug|x64
		{A5AA2FA6-A50F-49EB-94E5-42297DC3FF20}.Release|x64.ActiveCfg = Release|x64
		{A5AA2FA6-A50F-49EB-94E5-42297DC3FF20}.Release|x64.Build.0 = Release|x64
		{A43F2981-4DA2-48C7-B2F0-E4468C4CAA51}.Debug|x64.ActiveCfg = Debug|x64
		{A43F2981-4DA2-48C7-B2F0-E4468C4CAA51}.Debug|x64.Build.0 = Debug|x64
		{A43F2981-4DA2-48C7-B2F0-E4468C4CAA51}.Release|x64.ActiveCfg = Release|x64
		{A43F2981-4DA2-48C7-B2F0-E4468C4CAA51}.Release|x64.Build.0 = Release|x64
		{A25433B1-436F-4BFF-904A-A7B1DE4E99BB}.Debug|x64.ActiveCfg = Debug|x64
		{A25433B1-436F-4BFF-904A-A7B1DE4E99BB}.Debug|x64.Build.0 = Debug|x64
		{A25433B1-436F-4BFF-904A-A7B1DE4E99BB}.Release|x64.ActiveCfg = Release|x64
		{A25433B1-436F-4BFF-904A-A7B1DE4E99BB}.Release|x64.Build.0 = Release|x64
		{CEC9E50F-FF08-49A1-B636-479EEBFFF93F}.Debug|x64.ActiveCfg = Debug|x64
		{CEC9E50F-FF08-49A1-B636-479EEBFFF93F}.Debug|x64.Build.0 = Debug|x64
		{CEC9E50F-FF08-49A1-B636-479EEBFFF93F}.Release|x64.ActiveCfg = Release|x64
		{CEC9E50F-FF08-49A1-B636-479EEBFFF93F}.Release|x64.Build.0 = Release|x64
		{8087E473-2FBF-46FC-BA2E-801DDBFA00F7}.Debug|x64.ActiveCfg = Debug|x64
		{8087E473-2FBF-46FC-BA2E-801DDBFA00F7}.Debug|x64.Build.0 = Debug|x64
		{8087E473-2FBF-46FC-BA2E-801DDBFA00F7}.Release|x64.ActiveCfg = Release|x64
		{8087E473-2FBF-46FC-BA2E-801DDBFA00F7}.Release|x64.Build.0 = Release|x64
		{AF1FE739-E187-408F-8B07-64558E47EA2A}.Debug|x64.ActiveCfg = Debug|x64
		{AF1FE739-E187-408F-8B07-64558E47EA2A}.Debug|x64.Build.0 = Debug|x64
		{AF1FE739-E187-408F-8B07-64558E47EA2A}.Release|x64.ActiveCfg = Release|x64
		{AF1FE739-E187-408F-8B07-64558E47EA2A}.Release|x64.Build.0 = Release|x64
	EndGlobalSection
	GlobalSection(SolutionProperties) = preSolution
		HideSolutionNode = FALSE
	EndGlobalSection
	GlobalSection(ExtensibilityGlobals) = postSolution
		SolutionGuid = {F1F72BEC-7D01-4A72-81B5-C3A0DF7939F6}
	EndGlobalSection
EndGlobal
